
Microsoft Visual Studio Solution File, Format Version 12.00
# Visual Studio Version 17
VisualStudioVersion = 17.5.33627.172
MinimumVisualStudioVersion = 10.0.40219.1
Project("{FAE04EC0-301F-11D3-BF4B-00C04F79EFBC}") = "JokesWebApp", "JokesWebApp\JokesWebApp.csproj", "{7046026D-C40E-4318-B3EF-D8AF6AB170B5}"
EndProject
Global
	GlobalSection(SolutionConfigurationPlatforms) = preSolution
		Debug|Any CPU = Debug|Any CPU
		Release|Any CPU = Release|Any CPU
	EndGlobalSection
	GlobalSection(ProjectConfigurationPlatforms) = postSolution
		{7046026D-C40E-4318-B3EF-D8AF6AB170B5}.Debug|Any CPU.ActiveCfg = Debug|Any CPU
		{7046026D-C40E-4318-B3EF-D8AF6AB170B5}.Debug|Any CPU.Build.0 = Debug|Any CPU
		{7046026D-C40E-4318-B3EF-D8AF6AB170B5}.Release|Any CPU.ActiveCfg = Release|Any CPU
		{7046026D-C40E-4318-B3EF-D8AF6AB170B5}.Release|Any CPU.Build.0 = Release|Any CPU
	EndGlobalSection
	GlobalSection(SolutionProperties) = preSolution
		HideSolutionNode = FALSE
	EndGlobalSection
	GlobalSection(ExtensibilityGlobals) = postSolution
		SolutionGuid = {84B48D91-1D28-41A9-866A-AA6E9E81A905}
	EndGlobalSection
EndGlobal
